
Microsoft Visual Studio Solution File, Format Version 12.00
# Visual Studio Version 17
VisualStudioVersion = 17.4.33110.190
MinimumVisualStudioVersion = 10.0.40219.1
Project("{FAE04EC0-301F-11D3-BF4B-00C04F79EFBC}") = "RacingCar", "RacingCar\RacingCar.csproj", "{A45750AE-CB66-4CC2-BF58-5802DF719A40}"
EndProject
Global
	GlobalSection(SolutionConfigurationPlatforms) = preSolution
		Debug|Any CPU = Debug|Any CPU
		Release|Any CPU = Release|Any CPU
	EndGlobalSection
	GlobalSection(ProjectConfigurationPlatforms) = postSolution
		{A45750AE-CB66-4CC2-BF58-5802DF719A40}.Debug|Any CPU.ActiveCfg = Debug|Any CPU
		{A45750AE-CB66-4CC2-BF58-5802DF719A40}.Debug|Any CPU.Build.0 = Debug|Any CPU
		{A45750AE-CB66-4CC2-BF58-5802DF719A40}.Release|Any CPU.ActiveCfg = Release|Any CPU
		{A45750AE-CB66-4CC2-BF58-5802DF719A40}.Release|Any CPU.Build.0 = Release|Any CPU
	EndGlobalSection
	GlobalSection(SolutionProperties) = preSolution
		HideSolutionNode = FALSE
	EndGlobalSection
	GlobalSection(ExtensibilityGlobals) = postSolution
		SolutionGuid = {0AEA742F-3461-4440-AE40-AEE1FA0DCE0B}
	EndGlobalSection
EndGlobal
