
Microsoft Visual Studio Solution File, Format Version 12.00
# Visual Studio Version 17
VisualStudioVersion = 17.3.32929.385
MinimumVisualStudioVersion = 10.0.40219.1
Project("{FAE04EC0-301F-11D3-BF4B-00C04F79EFBC}") = "SortString", "SortString\SortString.csproj", "{9CE24A85-CFED-4C3D-A0F1-56F6C117C89D}"
EndProject
Global
	GlobalSection(SolutionConfigurationPlatforms) = preSolution
		Debug|Any CPU = Debug|Any CPU
		Release|Any CPU = Release|Any CPU
	EndGlobalSection
	GlobalSection(ProjectConfigurationPlatforms) = postSolution
		{9CE24A85-CFED-4C3D-A0F1-56F6C117C89D}.Debug|Any CPU.ActiveCfg = Debug|Any CPU
		{9CE24A85-CFED-4C3D-A0F1-56F6C117C89D}.Debug|Any CPU.Build.0 = Debug|Any CPU
		{9CE24A85-CFED-4C3D-A0F1-56F6C117C89D}.Release|Any CPU.ActiveCfg = Release|Any CPU
		{9CE24A85-CFED-4C3D-A0F1-56F6C117C89D}.Release|Any CPU.Build.0 = Release|Any CPU
	EndGlobalSection
	GlobalSection(SolutionProperties) = preSolution
		HideSolutionNode = FALSE
	EndGlobalSection
	GlobalSection(ExtensibilityGlobals) = postSolution
		SolutionGuid = {75CE8235-BA5E-4C0B-88D3-81AA368A9544}
	EndGlobalSection
EndGlobal
