
Microsoft Visual Studio Solution File, Format Version 12.00
# Visual Studio Version 17
VisualStudioVersion = 17.3.32922.545
MinimumVisualStudioVersion = 10.0.40219.1
Project("{FAE04EC0-301F-11D3-BF4B-00C04F79EFBC}") = "LuckyTicket", "LuckyTicket\LuckyTicket.csproj", "{32B5B2A9-1994-4E52-8A96-5F2A98B5E076}"
EndProject
Global
	GlobalSection(SolutionConfigurationPlatforms) = preSolution
		Debug|Any CPU = Debug|Any CPU
		Release|Any CPU = Release|Any CPU
	EndGlobalSection
	GlobalSection(ProjectConfigurationPlatforms) = postSolution
		{32B5B2A9-1994-4E52-8A96-5F2A98B5E076}.Debug|Any CPU.ActiveCfg = Debug|Any CPU
		{32B5B2A9-1994-4E52-8A96-5F2A98B5E076}.Debug|Any CPU.Build.0 = Debug|Any CPU
		{32B5B2A9-1994-4E52-8A96-5F2A98B5E076}.Release|Any CPU.ActiveCfg = Release|Any CPU
		{32B5B2A9-1994-4E52-8A96-5F2A98B5E076}.Release|Any CPU.Build.0 = Release|Any CPU
	EndGlobalSection
	GlobalSection(SolutionProperties) = preSolution
		HideSolutionNode = FALSE
	EndGlobalSection
	GlobalSection(ExtensibilityGlobals) = postSolution
		SolutionGuid = {F3BC05BC-76F2-46E6-9523-00C4BE4C4F65}
	EndGlobalSection
EndGlobal
