
Microsoft Visual Studio Solution File, Format Version 12.00
# Visual Studio Version 17
VisualStudioVersion = 17.3.32929.385
MinimumVisualStudioVersion = 10.0.40219.1
Project("{FAE04EC0-301F-11D3-BF4B-00C04F79EFBC}") = "FindFile", "FindFile\FindFile.csproj", "{5A00659A-7C7D-4681-B7EE-66F0079A0196}"
EndProject
Global
	GlobalSection(SolutionConfigurationPlatforms) = preSolution
		Debug|Any CPU = Debug|Any CPU
		Release|Any CPU = Release|Any CPU
	EndGlobalSection
	GlobalSection(ProjectConfigurationPlatforms) = postSolution
		{5A00659A-7C7D-4681-B7EE-66F0079A0196}.Debug|Any CPU.ActiveCfg = Debug|Any CPU
		{5A00659A-7C7D-4681-B7EE-66F0079A0196}.Debug|Any CPU.Build.0 = Debug|Any CPU
		{5A00659A-7C7D-4681-B7EE-66F0079A0196}.Release|Any CPU.ActiveCfg = Release|Any CPU
		{5A00659A-7C7D-4681-B7EE-66F0079A0196}.Release|Any CPU.Build.0 = Release|Any CPU
	EndGlobalSection
	GlobalSection(SolutionProperties) = preSolution
		HideSolutionNode = FALSE
	EndGlobalSection
	GlobalSection(ExtensibilityGlobals) = postSolution
		SolutionGuid = {4035BFFC-B1FB-4627-94C6-CD703A721D15}
	EndGlobalSection
EndGlobal
