
Microsoft Visual Studio Solution File, Format Version 12.00
# Visual Studio Version 17
VisualStudioVersion = 17.3.32929.385
MinimumVisualStudioVersion = 10.0.40219.1
Project("{FAE04EC0-301F-11D3-BF4B-00C04F79EFBC}") = "SerializeTree", "SerializeTree\SerializeTree.csproj", "{C85F2A3F-1D62-4AFF-84B2-114532647507}"
EndProject
Global
	GlobalSection(SolutionConfigurationPlatforms) = preSolution
		Debug|Any CPU = Debug|Any CPU
		Release|Any CPU = Release|Any CPU
	EndGlobalSection
	GlobalSection(ProjectConfigurationPlatforms) = postSolution
		{C85F2A3F-1D62-4AFF-84B2-114532647507}.Debug|Any CPU.ActiveCfg = Debug|Any CPU
		{C85F2A3F-1D62-4AFF-84B2-114532647507}.Debug|Any CPU.Build.0 = Debug|Any CPU
		{C85F2A3F-1D62-4AFF-84B2-114532647507}.Release|Any CPU.ActiveCfg = Release|Any CPU
		{C85F2A3F-1D62-4AFF-84B2-114532647507}.Release|Any CPU.Build.0 = Release|Any CPU
	EndGlobalSection
	GlobalSection(SolutionProperties) = preSolution
		HideSolutionNode = FALSE
	EndGlobalSection
	GlobalSection(ExtensibilityGlobals) = postSolution
		SolutionGuid = {94163A0E-A629-4281-9F3B-3A8A7CEAA2BB}
	EndGlobalSection
EndGlobal
