
Microsoft Visual Studio Solution File, Format Version 12.00
# Visual Studio Version 17
VisualStudioVersion = 17.3.32929.385
MinimumVisualStudioVersion = 10.0.40219.1
Project("{FAE04EC0-301F-11D3-BF4B-00C04F79EFBC}") = "Join", "Join\Join.csproj", "{D812DAD5-7C25-4550-8AFF-9BC9B3A212E6}"
EndProject
Global
	GlobalSection(SolutionConfigurationPlatforms) = preSolution
		Debug|Any CPU = Debug|Any CPU
		Release|Any CPU = Release|Any CPU
	EndGlobalSection
	GlobalSection(ProjectConfigurationPlatforms) = postSolution
		{D812DAD5-7C25-4550-8AFF-9BC9B3A212E6}.Debug|Any CPU.ActiveCfg = Debug|Any CPU
		{D812DAD5-7C25-4550-8AFF-9BC9B3A212E6}.Debug|Any CPU.Build.0 = Debug|Any CPU
		{D812DAD5-7C25-4550-8AFF-9BC9B3A212E6}.Release|Any CPU.ActiveCfg = Release|Any CPU
		{D812DAD5-7C25-4550-8AFF-9BC9B3A212E6}.Release|Any CPU.Build.0 = Release|Any CPU
	EndGlobalSection
	GlobalSection(SolutionProperties) = preSolution
		HideSolutionNode = FALSE
	EndGlobalSection
	GlobalSection(ExtensibilityGlobals) = postSolution
		SolutionGuid = {E174EFAF-5515-4FAD-BDB3-A6B26A05F781}
	EndGlobalSection
EndGlobal
